
Microsoft Visual Studio Solution File, Format Version 12.00
# Visual Studio Version 17
VisualStudioVersion = 17.6.33815.320
MinimumVisualStudioVersion = 10.0.40219.1
Project("{FAE04EC0-301F-11D3-BF4B-00C04F79EFBC}") = "WCF-Scada", "WCF-Scada\WCF-Scada.csproj", "{DC0F97F9-8433-480E-9636-F3D01E414DFA}"
EndProject
Project("{FAE04EC0-301F-11D3-BF4B-00C04F79EFBC}") = "DatabaseManager", "DatabaseManager\DatabaseManager.csproj", "{2CE2D7FB-A436-4A90-AB3F-E41333C831E4}"
	ProjectSection(ProjectDependencies) = postProject
		{DC0F97F9-8433-480E-9636-F3D01E414DFA} = {DC0F97F9-8433-480E-9636-F3D01E414DFA}
	EndProjectSection
EndProject
Global
	GlobalSection(SolutionConfigurationPlatforms) = preSolution
		Debug|Any CPU = Debug|Any CPU
		Release|Any CPU = Release|Any CPU
	EndGlobalSection
	GlobalSection(ProjectConfigurationPlatforms) = postSolution
		{DC0F97F9-8433-480E-9636-F3D01E414DFA}.Debug|Any CPU.ActiveCfg = Debug|Any CPU
		{DC0F97F9-8433-480E-9636-F3D01E414DFA}.Debug|Any CPU.Build.0 = Debug|Any CPU
		{DC0F97F9-8433-480E-9636-F3D01E414DFA}.Release|Any CPU.ActiveCfg = Release|Any CPU
		{DC0F97F9-8433-480E-9636-F3D01E414DFA}.Release|Any CPU.Build.0 = Release|Any CPU
		{2CE2D7FB-A436-4A90-AB3F-E41333C831E4}.Debug|Any CPU.ActiveCfg = Debug|Any CPU
		{2CE2D7FB-A436-4A90-AB3F-E41333C831E4}.Debug|Any CPU.Build.0 = Debug|Any CPU
		{2CE2D7FB-A436-4A90-AB3F-E41333C831E4}.Release|Any CPU.ActiveCfg = Release|Any CPU
		{2CE2D7FB-A436-4A90-AB3F-E41333C831E4}.Release|Any CPU.Build.0 = Release|Any CPU
	EndGlobalSection
	GlobalSection(SolutionProperties) = preSolution
		HideSolutionNode = FALSE
	EndGlobalSection
	GlobalSection(ExtensibilityGlobals) = postSolution
		SolutionGuid = {5EB22C75-E34C-4F99-B9EB-B7C38457B7E1}
	EndGlobalSection
EndGlobal
